
Microsoft Visual Studio Solution File, Format Version 12.00
# Visual Studio 14
VisualStudioVersion = 14.0.24720.0
MinimumVisualStudioVersion = 10.0.40219.1
Project("{FAE04EC0-301F-11D3-BF4B-00C04F79EFBC}") = "SemDiff", "SemDiff\SemDiff.csproj", "{3DECF2F2-C33E-4CF8-85F1-99A355396102}"
EndProject
Project("{FAE04EC0-301F-11D3-BF4B-00C04F79EFBC}") = "SemDiff.Test", "SemDiff.Test\SemDiff.Test.csproj", "{DA1659BB-D571-4CBF-A17A-27C4561B40A4}"
EndProject
Project("{FAE04EC0-301F-11D3-BF4B-00C04F79EFBC}") = "SemDiff.Vsix", "SemDiff.Vsix\SemDiff.Vsix.csproj", "{0E57C2FC-4F39-409F-A5D0-86023242E3B0}"
EndProject
Global
	GlobalSection(SolutionConfigurationPlatforms) = preSolution
		Debug|Any CPU = Debug|Any CPU
		Release|Any CPU = Release|Any CPU
	EndGlobalSection
	GlobalSection(ProjectConfigurationPlatforms) = postSolution
		{3DECF2F2-C33E-4CF8-85F1-99A355396102}.Debug|Any CPU.ActiveCfg = Debug|Any CPU
		{3DECF2F2-C33E-4CF8-85F1-99A355396102}.Debug|Any CPU.Build.0 = Debug|Any CPU
		{3DECF2F2-C33E-4CF8-85F1-99A355396102}.Release|Any CPU.ActiveCfg = Release|Any CPU
		{3DECF2F2-C33E-4CF8-85F1-99A355396102}.Release|Any CPU.Build.0 = Release|Any CPU
		{DA1659BB-D571-4CBF-A17A-27C4561B40A4}.Debug|Any CPU.ActiveCfg = Debug|Any CPU
		{DA1659BB-D571-4CBF-A17A-27C4561B40A4}.Debug|Any CPU.Build.0 = Debug|Any CPU
		{DA1659BB-D571-4CBF-A17A-27C4561B40A4}.Release|Any CPU.ActiveCfg = Release|Any CPU
		{DA1659BB-D571-4CBF-A17A-27C4561B40A4}.Release|Any CPU.Build.0 = Release|Any CPU
		{0E57C2FC-4F39-409F-A5D0-86023242E3B0}.Debug|Any CPU.ActiveCfg = Debug|Any CPU
		{0E57C2FC-4F39-409F-A5D0-86023242E3B0}.Debug|Any CPU.Build.0 = Debug|Any CPU
		{0E57C2FC-4F39-409F-A5D0-86023242E3B0}.Release|Any CPU.ActiveCfg = Release|Any CPU
		{0E57C2FC-4F39-409F-A5D0-86023242E3B0}.Release|Any CPU.Build.0 = Release|Any CPU
	EndGlobalSection
	GlobalSection(SolutionProperties) = preSolution
		HideSolutionNode = FALSE
	EndGlobalSection
EndGlobal
